
Microsoft Visual Studio Solution File, Format Version 12.00
# Visual Studio 15
VisualStudioVersion = 15.0.27703.2026
MinimumVisualStudioVersion = 10.0.40219.1
Project("{9A19103F-16F7-4668-BE54-9A1E7A4F7556}") = "DynamicAuthPolicyDemo.Web", "DynamicAuthPolicyDemo.Web\DynamicAuthPolicyDemo.Web.csproj", "{707EC8BA-E15B-44DA-A3FB-93A3E536DF2F}"
EndProject
Global
	GlobalSection(SolutionConfigurationPlatforms) = preSolution
		Debug|Any CPU = Debug|Any CPU
		Release|Any CPU = Release|Any CPU
	EndGlobalSection
	GlobalSection(ProjectConfigurationPlatforms) = postSolution
		{707EC8BA-E15B-44DA-A3FB-93A3E536DF2F}.Debug|Any CPU.ActiveCfg = Debug|Any CPU
		{707EC8BA-E15B-44DA-A3FB-93A3E536DF2F}.Debug|Any CPU.Build.0 = Debug|Any CPU
		{707EC8BA-E15B-44DA-A3FB-93A3E536DF2F}.Release|Any CPU.ActiveCfg = Release|Any CPU
		{707EC8BA-E15B-44DA-A3FB-93A3E536DF2F}.Release|Any CPU.Build.0 = Release|Any CPU
	EndGlobalSection
	GlobalSection(SolutionProperties) = preSolution
		HideSolutionNode = FALSE
	EndGlobalSection
	GlobalSection(ExtensibilityGlobals) = postSolution
		SolutionGuid = {03645CD4-FE05-43DB-A451-D3C14BD15058}
	EndGlobalSection
EndGlobal
